// !$*UTF8*$!
{
	archiveVersion = 1;
	classes = {
	};
	objectVersion = 55;
	objects = {

/* Begin PBXBuildFile section */
		876F381927F33AA90026A3F8 /* Tutorial.storyboard in Resources */ = {isa = PBXBuildFile; fileRef = 876F381827F33AA90026A3F8 /* Tutorial.storyboard */; };
		876F381B27F341B60026A3F8 /* Utils.swift in Sources */ = {isa = PBXBuildFile; fileRef = 876F381A27F341B60026A3F8 /* Utils.swift */; };
		876F381D27F342420026A3F8 /* TutorialContentsVC.swift in Sources */ = {isa = PBXBuildFile; fileRef = 876F381C27F342420026A3F8 /* TutorialContentsVC.swift */; };
		876F382027F344520026A3F8 /* TutorialMasterVC.swift in Sources */ = {isa = PBXBuildFile; fileRef = 876F381F27F344520026A3F8 /* TutorialMasterVC.swift */; };
		876F382227F45AA10026A3F8 /* MemoDAO.swift in Sources */ = {isa = PBXBuildFile; fileRef = 876F382127F45AA10026A3F8 /* MemoDAO.swift */; };
		87980F0827D4F1BB00C64540 /* AppDelegate.swift in Sources */ = {isa = PBXBuildFile; fileRef = 87980F0727D4F1BB00C64540 /* AppDelegate.swift */; };
		87980F0A27D4F1BB00C64540 /* SceneDelegate.swift in Sources */ = {isa = PBXBuildFile; fileRef = 87980F0927D4F1BB00C64540 /* SceneDelegate.swift */; };
		87980F0C27D4F1BB00C64540 /* ViewController.swift in Sources */ = {isa = PBXBuildFile; fileRef = 87980F0B27D4F1BB00C64540 /* ViewController.swift */; };
		87980F0F27D4F1BB00C64540 /* Main.storyboard in Resources */ = {isa = PBXBuildFile; fileRef = 87980F0D27D4F1BB00C64540 /* Main.storyboard */; };
		87980F1227D4F1BB00C64540 /* MyMemory.xcdatamodeld in Sources */ = {isa = PBXBuildFile; fileRef = 87980F1027D4F1BB00C64540 /* MyMemory.xcdatamodeld */; };
		87980F1427D4F1BC00C64540 /* Assets.xcassets in Resources */ = {isa = PBXBuildFile; fileRef = 87980F1327D4F1BC00C64540 /* Assets.xcassets */; };
		87980F1727D4F1BC00C64540 /* LaunchScreen.storyboard in Resources */ = {isa = PBXBuildFile; fileRef = 87980F1527D4F1BC00C64540 /* LaunchScreen.storyboard */; };
		87980F1F27D4FB4B00C64540 /* MemoListVC.swift in Sources */ = {isa = PBXBuildFile; fileRef = 87980F1E27D4FB4B00C64540 /* MemoListVC.swift */; };
		87980F2127D4FB6100C64540 /* MemoFormVC.swift in Sources */ = {isa = PBXBuildFile; fileRef = 87980F2027D4FB6100C64540 /* MemoFormVC.swift */; };
		87980F2327D4FB7100C64540 /* MemoReadVC.swift in Sources */ = {isa = PBXBuildFile; fileRef = 87980F2227D4FB7100C64540 /* MemoReadVC.swift */; };
		87980F2527D4FBAB00C64540 /* MemoCell.swift in Sources */ = {isa = PBXBuildFile; fileRef = 87980F2427D4FBAB00C64540 /* MemoCell.swift */; };
		87980F2727D4FBDB00C64540 /* MemoData.swift in Sources */ = {isa = PBXBuildFile; fileRef = 87980F2627D4FBDB00C64540 /* MemoData.swift */; };
		87BA224727E6245100105546 /* SWRevealViewController.m in Sources */ = {isa = PBXBuildFile; fileRef = 87BA224527E6245100105546 /* SWRevealViewController.m */; };
		87BA225F27E6253600105546 /* profile-bg.png in Resources */ = {isa = PBXBuildFile; fileRef = 87BA225627E6253600105546 /* profile-bg.png */; };
		87BA226027E6253600105546 /* account@2x.jpg in Resources */ = {isa = PBXBuildFile; fileRef = 87BA225727E6253600105546 /* account@2x.jpg */; };
		87BA226527E6253600105546 /* sidemenu.png in Resources */ = {isa = PBXBuildFile; fileRef = 87BA225C27E6253600105546 /* sidemenu.png */; };
		87BA226C27E625A400105546 /* icon04.png in Resources */ = {isa = PBXBuildFile; fileRef = 87BA226627E625A400105546 /* icon04.png */; };
		87BA226D27E625A400105546 /* icon02.png in Resources */ = {isa = PBXBuildFile; fileRef = 87BA226727E625A400105546 /* icon02.png */; };
		87BA226E27E625A400105546 /* icon06.png in Resources */ = {isa = PBXBuildFile; fileRef = 87BA226827E625A400105546 /* icon06.png */; };
		87BA226F27E625A400105546 /* icon05.png in Resources */ = {isa = PBXBuildFile; fileRef = 87BA226927E625A400105546 /* icon05.png */; };
		87BA227027E625A400105546 /* icon03.png in Resources */ = {isa = PBXBuildFile; fileRef = 87BA226A27E625A400105546 /* icon03.png */; };
		87BA227127E625A400105546 /* icon01.png in Resources */ = {isa = PBXBuildFile; fileRef = 87BA226B27E625A400105546 /* icon01.png */; };
		87BA227327E629A500105546 /* SideBarVC.swift in Sources */ = {isa = PBXBuildFile; fileRef = 87BA227227E629A500105546 /* SideBarVC.swift */; };
		87BA227527E631AA00105546 /* ProfileVC.swift in Sources */ = {isa = PBXBuildFile; fileRef = 87BA227427E631AA00105546 /* ProfileVC.swift */; };
		87BA227727EB68A400105546 /* UserInfoManager.swift in Sources */ = {isa = PBXBuildFile; fileRef = 87BA227627EB68A400105546 /* UserInfoManager.swift */; };
		87D3C42C27DE46260072D318 /* warning-icon-60@2x.png in Resources */ = {isa = PBXBuildFile; fileRef = 87D3C42927DE46260072D318 /* warning-icon-60@2x.png */; };
		87D3C42D27DE46260072D318 /* memo-background@2x.png in Resources */ = {isa = PBXBuildFile; fileRef = 87D3C42A27DE46260072D318 /* memo-background@2x.png */; };
		87D3C42E27DE46260072D318 /* button-bg.png in Resources */ = {isa = PBXBuildFile; fileRef = 87D3C42B27DE46260072D318 /* button-bg.png */; };
		87D3C43127DE46A50072D318 /* CSLogButton.swift in Sources */ = {isa = PBXBuildFile; fileRef = 87D3C43027DE46A50072D318 /* CSLogButton.swift */; };
		BFF2D0510CBA54D359E3A4F4 /* Pods_MyMemory.framework in Frameworks */ = {isa = PBXBuildFile; fileRef = 43814C25A98770CFD80E15A0 /* Pods_MyMemory.framework */; };
/* End PBXBuildFile section */

/* Begin PBXFileReference section */
		2EEE9D4548D63C67DDE29177 /* Pods-MyMemory.debug.xcconfig */ = {isa = PBXFileReference; includeInIndex = 1; lastKnownFileType = text.xcconfig; name = "Pods-MyMemory.debug.xcconfig"; path = "Target Support Files/Pods-MyMemory/Pods-MyMemory.debug.xcconfig"; sourceTree = "<group>"; };
		43814C25A98770CFD80E15A0 /* Pods_MyMemory.framework */ = {isa = PBXFileReference; explicitFileType = wrapper.framework; includeInIndex = 0; path = Pods_MyMemory.framework; sourceTree = BUILT_PRODUCTS_DIR; };
		8506BE0378672BF70F4AD7D5 /* Pods-MyMemory.release.xcconfig */ = {isa = PBXFileReference; includeInIndex = 1; lastKnownFileType = text.xcconfig; name = "Pods-MyMemory.release.xcconfig"; path = "Target Support Files/Pods-MyMemory/Pods-MyMemory.release.xcconfig"; sourceTree = "<group>"; };
		876F381827F33AA90026A3F8 /* Tutorial.storyboard */ = {isa = PBXFileReference; lastKnownFileType = file.storyboard; path = Tutorial.storyboard; sourceTree = "<group>"; };
		876F381A27F341B60026A3F8 /* Utils.swift */ = {isa = PBXFileReference; lastKnownFileType = sourcecode.swift; path = Utils.swift; sourceTree = "<group>"; };
		876F381C27F342420026A3F8 /* TutorialContentsVC.swift */ = {isa = PBXFileReference; lastKnownFileType = sourcecode.swift; path = TutorialContentsVC.swift; sourceTree = "<group>"; };
		876F381F27F344520026A3F8 /* TutorialMasterVC.swift */ = {isa = PBXFileReference; lastKnownFileType = sourcecode.swift; path = TutorialMasterVC.swift; sourceTree = "<group>"; };
		876F382127F45AA10026A3F8 /* MemoDAO.swift */ = {isa = PBXFileReference; lastKnownFileType = sourcecode.swift; path = MemoDAO.swift; sourceTree = "<group>"; };
		87980F0427D4F1BB00C64540 /* MyMemory.app */ = {isa = PBXFileReference; explicitFileType = wrapper.application; includeInIndex = 0; path = MyMemory.app; sourceTree = BUILT_PRODUCTS_DIR; };
		87980F0727D4F1BB00C64540 /* AppDelegate.swift */ = {isa = PBXFileReference; lastKnownFileType = sourcecode.swift; path = AppDelegate.swift; sourceTree = "<group>"; };
		87980F0927D4F1BB00C64540 /* SceneDelegate.swift */ = {isa = PBXFileReference; lastKnownFileType = sourcecode.swift; path = SceneDelegate.swift; sourceTree = "<group>"; };
		87980F0B27D4F1BB00C64540 /* ViewController.swift */ = {isa = PBXFileReference; lastKnownFileType = sourcecode.swift; path = ViewController.swift; sourceTree = "<group>"; };
		87980F0E27D4F1BB00C64540 /* Base */ = {isa = PBXFileReference; lastKnownFileType = file.storyboard; name = Base; path = Base.lproj/Main.storyboard; sourceTree = "<group>"; };
		87980F1127D4F1BB00C64540 /* MyMemory.xcdatamodel */ = {isa = PBXFileReference; lastKnownFileType = wrapper.xcdatamodel; path = MyMemory.xcdatamodel; sourceTree = "<group>"; };
		87980F1327D4F1BC00C64540 /* Assets.xcassets */ = {isa = PBXFileReference; lastKnownFileType = folder.assetcatalog; path = Assets.xcassets; sourceTree = "<group>"; };
		87980F1627D4F1BC00C64540 /* Base */ = {isa = PBXFileReference; lastKnownFileType = file.storyboard; name = Base; path = Base.lproj/LaunchScreen.storyboard; sourceTree = "<group>"; };
		87980F1827D4F1BC00C64540 /* Info.plist */ = {isa = PBXFileReference; lastKnownFileType = text.plist.xml; path = Info.plist; sourceTree = "<group>"; };
		87980F1E27D4FB4B00C64540 /* MemoListVC.swift */ = {isa = PBXFileReference; lastKnownFileType = sourcecode.swift; path = MemoListVC.swift; sourceTree = "<group>"; };
		87980F2027D4FB6100C64540 /* MemoFormVC.swift */ = {isa = PBXFileReference; lastKnownFileType = sourcecode.swift; path = MemoFormVC.swift; sourceTree = "<group>"; };
		87980F2227D4FB7100C64540 /* MemoReadVC.swift */ = {isa = PBXFileReference; lastKnownFileType = sourcecode.swift; path = MemoReadVC.swift; sourceTree = "<group>"; };
		87980F2427D4FBAB00C64540 /* MemoCell.swift */ = {isa = PBXFileReference; lastKnownFileType = sourcecode.swift; path = MemoCell.swift; sourceTree = "<group>"; };
		87980F2627D4FBDB00C64540 /* MemoData.swift */ = {isa = PBXFileReference; lastKnownFileType = sourcecode.swift; path = MemoData.swift; sourceTree = "<group>"; };
		87BA224427E6245000105546 /* MyMemory-Bridging-Header.h */ = {isa = PBXFileReference; lastKnownFileType = sourcecode.c.h; path = "MyMemory-Bridging-Header.h"; sourceTree = "<group>"; };
		87BA224527E6245100105546 /* SWRevealViewController.m */ = {isa = PBXFileReference; fileEncoding = 4; lastKnownFileType = sourcecode.c.objc; path = SWRevealViewController.m; sourceTree = "<group>"; };
		87BA224627E6245100105546 /* SWRevealViewController.h */ = {isa = PBXFileReference; fileEncoding = 4; lastKnownFileType = sourcecode.c.h; path = SWRevealViewController.h; sourceTree = "<group>"; };
		87BA225627E6253600105546 /* profile-bg.png */ = {isa = PBXFileReference; lastKnownFileType = image.png; path = "profile-bg.png"; sourceTree = "<group>"; };
		87BA225727E6253600105546 /* account@2x.jpg */ = {isa = PBXFileReference; lastKnownFileType = image.jpeg; path = "account@2x.jpg"; sourceTree = "<group>"; };
		87BA225C27E6253600105546 /* sidemenu.png */ = {isa = PBXFileReference; lastKnownFileType = image.png; name = sidemenu.png; path = "../../Swift-Practice-master/PracticeImage/MyMemory/Chapter04/sidemenu.png"; sourceTree = "<group>"; };
		87BA226627E625A400105546 /* icon04.png */ = {isa = PBXFileReference; lastKnownFileType = image.png; path = icon04.png; sourceTree = "<group>"; };
		87BA226727E625A400105546 /* icon02.png */ = {isa = PBXFileReference; lastKnownFileType = image.png; path = icon02.png; sourceTree = "<group>"; };
		87BA226827E625A400105546 /* icon06.png */ = {isa = PBXFileReference; lastKnownFileType = image.png; path = icon06.png; sourceTree = "<group>"; };
		87BA226927E625A400105546 /* icon05.png */ = {isa = PBXFileReference; lastKnownFileType = image.png; path = icon05.png; sourceTree = "<group>"; };
		87BA226A27E625A400105546 /* icon03.png */ = {isa = PBXFileReference; lastKnownFileType = image.png; path = icon03.png; sourceTree = "<group>"; };
		87BA226B27E625A400105546 /* icon01.png */ = {isa = PBXFileReference; lastKnownFileType = image.png; path = icon01.png; sourceTree = "<group>"; };
		87BA227227E629A500105546 /* SideBarVC.swift */ = {isa = PBXFileReference; lastKnownFileType = sourcecode.swift; path = SideBarVC.swift; sourceTree = "<group>"; };
		87BA227427E631AA00105546 /* ProfileVC.swift */ = {isa = PBXFileReference; lastKnownFileType = sourcecode.swift; path = ProfileVC.swift; sourceTree = "<group>"; };
		87BA227627EB68A400105546 /* UserInfoManager.swift */ = {isa = PBXFileReference; lastKnownFileType = sourcecode.swift; path = UserInfoManager.swift; sourceTree = "<group>"; };
		87D3C42927DE46260072D318 /* warning-icon-60@2x.png */ = {isa = PBXFileReference; lastKnownFileType = image.png; path = "warning-icon-60@2x.png"; sourceTree = "<group>"; };
		87D3C42A27DE46260072D318 /* memo-background@2x.png */ = {isa = PBXFileReference; lastKnownFileType = image.png; path = "memo-background@2x.png"; sourceTree = "<group>"; };
		87D3C42B27DE46260072D318 /* button-bg.png */ = {isa = PBXFileReference; lastKnownFileType = image.png; path = "button-bg.png"; sourceTree = "<group>"; };
		87D3C43027DE46A50072D318 /* CSLogButton.swift */ = {isa = PBXFileReference; lastKnownFileType = sourcecode.swift; path = CSLogButton.swift; sourceTree = "<group>"; };
/* End PBXFileReference section */

/* Begin PBXFrameworksBuildPhase section */
		87980F0127D4F1BB00C64540 /* Frameworks */ = {
			isa = PBXFrameworksBuildPhase;
			buildActionMask = 2147483647;
			files = (
				BFF2D0510CBA54D359E3A4F4 /* Pods_MyMemory.framework in Frameworks */,
			);
			runOnlyForDeploymentPostprocessing = 0;
		};
/* End PBXFrameworksBuildPhase section */

/* Begin PBXGroup section */
		4FD1D4E06DBDB30D4B793FF2 /* Frameworks */ = {
			isa = PBXGroup;
			children = (
				43814C25A98770CFD80E15A0 /* Pods_MyMemory.framework */,
			);
			name = Frameworks;
			sourceTree = "<group>";
		};
		876F381E27F3426C0026A3F8 /* Tutorial */ = {
			isa = PBXGroup;
			children = (
				876F381C27F342420026A3F8 /* TutorialContentsVC.swift */,
				876F381F27F344520026A3F8 /* TutorialMasterVC.swift */,
			);
			path = Tutorial;
			sourceTree = "<group>";
		};
		87980EFB27D4F1BB00C64540 = {
			isa = PBXGroup;
			children = (
				87D3C43227DE46F70072D318 /* Resources */,
				87980F0627D4F1BB00C64540 /* MyMemory */,
				87980F0527D4F1BB00C64540 /* Products */,
				C735AD8F695890B7D6159E24 /* Pods */,
				4FD1D4E06DBDB30D4B793FF2 /* Frameworks */,
			);
			sourceTree = "<group>";
		};
		87980F0527D4F1BB00C64540 /* Products */ = {
			isa = PBXGroup;
			children = (
				87980F0427D4F1BB00C64540 /* MyMemory.app */,
			);
			name = Products;
			sourceTree = "<group>";
		};
		87980F0627D4F1BB00C64540 /* MyMemory */ = {
			isa = PBXGroup;
			children = (
				876F381E27F3426C0026A3F8 /* Tutorial */,
				87BA224627E6245100105546 /* SWRevealViewController.h */,
				87BA224527E6245100105546 /* SWRevealViewController.m */,
				87980F0727D4F1BB00C64540 /* AppDelegate.swift */,
				87980F0927D4F1BB00C64540 /* SceneDelegate.swift */,
				87980F0B27D4F1BB00C64540 /* ViewController.swift */,
				87980F0D27D4F1BB00C64540 /* Main.storyboard */,
				87980F2627D4FBDB00C64540 /* MemoData.swift */,
				87980F2427D4FBAB00C64540 /* MemoCell.swift */,
				87980F1E27D4FB4B00C64540 /* MemoListVC.swift */,
				87980F2027D4FB6100C64540 /* MemoFormVC.swift */,
				87980F2227D4FB7100C64540 /* MemoReadVC.swift */,
				87D3C43027DE46A50072D318 /* CSLogButton.swift */,
				87BA227227E629A500105546 /* SideBarVC.swift */,
				87BA227427E631AA00105546 /* ProfileVC.swift */,
				87BA227627EB68A400105546 /* UserInfoManager.swift */,
				87980F1327D4F1BC00C64540 /* Assets.xcassets */,
				87980F1527D4F1BC00C64540 /* LaunchScreen.storyboard */,
				87980F1827D4F1BC00C64540 /* Info.plist */,
				87980F1027D4F1BB00C64540 /* MyMemory.xcdatamodeld */,
				87BA224427E6245000105546 /* MyMemory-Bridging-Header.h */,
				876F381827F33AA90026A3F8 /* Tutorial.storyboard */,
				876F381A27F341B60026A3F8 /* Utils.swift */,
				876F382127F45AA10026A3F8 /* MemoDAO.swift */,
			);
			path = MyMemory;
			sourceTree = "<group>";
		};
		87D3C43227DE46F70072D318 /* Resources */ = {
			isa = PBXGroup;
			children = (
				87BA226B27E625A400105546 /* icon01.png */,
				87BA226727E625A400105546 /* icon02.png */,
				87BA226A27E625A400105546 /* icon03.png */,
				87BA226627E625A400105546 /* icon04.png */,
				87BA226927E625A400105546 /* icon05.png */,
				87BA226827E625A400105546 /* icon06.png */,
				87BA225727E6253600105546 /* account@2x.jpg */,
				87BA225627E6253600105546 /* profile-bg.png */,
				87BA225C27E6253600105546 /* sidemenu.png */,
				87D3C42B27DE46260072D318 /* button-bg.png */,
				87D3C42A27DE46260072D318 /* memo-background@2x.png */,
				87D3C42927DE46260072D318 /* warning-icon-60@2x.png */,
			);
			path = Resources;
			sourceTree = "<group>";
		};
		C735AD8F695890B7D6159E24 /* Pods */ = {
			isa = PBXGroup;
			children = (
				2EEE9D4548D63C67DDE29177 /* Pods-MyMemory.debug.xcconfig */,
				8506BE0378672BF70F4AD7D5 /* Pods-MyMemory.release.xcconfig */,
			);
			name = Pods;
			path = Pods;
			sourceTree = "<group>";
		};
/* End PBXGroup section */

/* Begin PBXNativeTarget section */
		87980F0327D4F1BB00C64540 /* MyMemory */ = {
			isa = PBXNativeTarget;
			buildConfigurationList = 87980F1B27D4F1BC00C64540 /* Build configuration list for PBXNativeTarget "MyMemory" */;
			buildPhases = (
				001D8AEC3FFE357344C2553E /* [CP] Check Pods Manifest.lock */,
				87980F0027D4F1BB00C64540 /* Sources */,
				87980F0127D4F1BB00C64540 /* Frameworks */,
				87980F0227D4F1BB00C64540 /* Resources */,
				3C6A4BF7C262EBD27343D8C6 /* [CP] Embed Pods Frameworks */,
			);
			buildRules = (
			);
			dependencies = (
			);
			name = MyMemory;
			productName = MyMemory;
			productReference = 87980F0427D4F1BB00C64540 /* MyMemory.app */;
			productType = "com.apple.product-type.application";
		};
/* End PBXNativeTarget section */

/* Begin PBXProject section */
		87980EFC27D4F1BB00C64540 /* Project object */ = {
			isa = PBXProject;
			attributes = {
				BuildIndependentTargetsInParallel = 1;
				LastSwiftUpdateCheck = 1320;
				LastUpgradeCheck = 1320;
				TargetAttributes = {
					87980F0327D4F1BB00C64540 = {
						CreatedOnToolsVersion = 13.2.1;
						LastSwiftMigration = 1330;
					};
				};
			};
			buildConfigurationList = 87980EFF27D4F1BB00C64540 /* Build configuration list for PBXProject "MyMemory" */;
			compatibilityVersion = "Xcode 13.0";
			developmentRegion = en;
			hasScannedForEncodings = 0;
			knownRegions = (
				en,
				Base,
			);
			mainGroup = 87980EFB27D4F1BB00C64540;
			productRefGroup = 87980F0527D4F1BB00C64540 /* Products */;
			projectDirPath = "";
			projectRoot = "";
			targets = (
				87980F0327D4F1BB00C64540 /* MyMemory */,
			);
		};
/* End PBXProject section */

/* Begin PBXResourcesBuildPhase section */
		87980F0227D4F1BB00C64540 /* Resources */ = {
			isa = PBXResourcesBuildPhase;
			buildActionMask = 2147483647;
			files = (
				87BA226E27E625A400105546 /* icon06.png in Resources */,
				87D3C42D27DE46260072D318 /* memo-background@2x.png in Resources */,
				87BA226027E6253600105546 /* account@2x.jpg in Resources */,
				87BA226527E6253600105546 /* sidemenu.png in Resources */,
				87BA225F27E6253600105546 /* profile-bg.png in Resources */,
				87BA226C27E625A400105546 /* icon04.png in Resources */,
				87980F1727D4F1BC00C64540 /* LaunchScreen.storyboard in Resources */,
				87980F1427D4F1BC00C64540 /* Assets.xcassets in Resources */,
				87BA226F27E625A400105546 /* icon05.png in Resources */,
				87BA227027E625A400105546 /* icon03.png in Resources */,
				87BA226D27E625A400105546 /* icon02.png in Resources */,
				87D3C42C27DE46260072D318 /* warning-icon-60@2x.png in Resources */,
				87D3C42E27DE46260072D318 /* button-bg.png in Resources */,
				87980F0F27D4F1BB00C64540 /* Main.storyboard in Resources */,
				876F381927F33AA90026A3F8 /* Tutorial.storyboard in Resources */,
				87BA227127E625A400105546 /* icon01.png in Resources */,
			);
			runOnlyForDeploymentPostprocessing = 0;
		};
/* End PBXResourcesBuildPhase section */

/* Begin PBXShellScriptBuildPhase section */
		001D8AEC3FFE357344C2553E /* [CP] Check Pods Manifest.lock */ = {
			isa = PBXShellScriptBuildPhase;
			buildActionMask = 2147483647;
			files = (
			);
			inputFileListPaths = (
			);
			inputPaths = (
				"${PODS_PODFILE_DIR_PATH}/Podfile.lock",
				"${PODS_ROOT}/Manifest.lock",
			);
			name = "[CP] Check Pods Manifest.lock";
			outputFileListPaths = (
			);
			outputPaths = (
				"$(DERIVED_FILE_DIR)/Pods-MyMemory-checkManifestLockResult.txt",
			);
			runOnlyForDeploymentPostprocessing = 0;
			shellPath = /bin/sh;
			shellScript = "diff \"${PODS_PODFILE_DIR_PATH}/Podfile.lock\" \"${PODS_ROOT}/Manifest.lock\" > /dev/null\nif [ $? != 0 ] ; then\n    # print error to STDERR\n    echo \"error: The sandbox is not in sync with the Podfile.lock. Run 'pod install' or update your CocoaPods installation.\" >&2\n    exit 1\nfi\n# This output is used by Xcode 'outputs' to avoid re-running this script phase.\necho \"SUCCESS\" > \"${SCRIPT_OUTPUT_FILE_0}\"\n";
			showEnvVarsInLog = 0;
		};
		3C6A4BF7C262EBD27343D8C6 /* [CP] Embed Pods Frameworks */ = {
			isa = PBXShellScriptBuildPhase;
			buildActionMask = 2147483647;
			files = (
			);
			inputFileListPaths = (
				"${PODS_ROOT}/Target Support Files/Pods-MyMemory/Pods-MyMemory-frameworks-${CONFIGURATION}-input-files.xcfilelist",
			);
			name = "[CP] Embed Pods Frameworks";
			outputFileListPaths = (
				"${PODS_ROOT}/Target Support Files/Pods-MyMemory/Pods-MyMemory-frameworks-${CONFIGURATION}-output-files.xcfilelist",
			);
			runOnlyForDeploymentPostprocessing = 0;
			shellPath = /bin/sh;
			shellScript = "\"${PODS_ROOT}/Target Support Files/Pods-MyMemory/Pods-MyMemory-frameworks.sh\"\n";
			showEnvVarsInLog = 0;
		};
/* End PBXShellScriptBuildPhase section */

/* Begin PBXSourcesBuildPhase section */
		87980F0027D4F1BB00C64540 /* Sources */ = {
			isa = PBXSourcesBuildPhase;
			buildActionMask = 2147483647;
			files = (
				87BA227727EB68A400105546 /* UserInfoManager.swift in Sources */,
				87980F1227D4F1BB00C64540 /* MyMemory.xcdatamodeld in Sources */,
				87980F1F27D4FB4B00C64540 /* MemoListVC.swift in Sources */,
				87980F2127D4FB6100C64540 /* MemoFormVC.swift in Sources */,
				87980F0C27D4F1BB00C64540 /* ViewController.swift in Sources */,
				876F381B27F341B60026A3F8 /* Utils.swift in Sources */,
				87980F0827D4F1BB00C64540 /* AppDelegate.swift in Sources */,
				87BA227327E629A500105546 /* SideBarVC.swift in Sources */,
				87980F0A27D4F1BB00C64540 /* SceneDelegate.swift in Sources */,
				87D3C43127DE46A50072D318 /* CSLogButton.swift in Sources */,
				87BA227527E631AA00105546 /* ProfileVC.swift in Sources */,
				87980F2727D4FBDB00C64540 /* MemoData.swift in Sources */,
				87BA224727E6245100105546 /* SWRevealViewController.m in Sources */,
				87980F2327D4FB7100C64540 /* MemoReadVC.swift in Sources */,
				876F382027F344520026A3F8 /* TutorialMasterVC.swift in Sources */,
				876F381D27F342420026A3F8 /* TutorialContentsVC.swift in Sources */,
				876F382227F45AA10026A3F8 /* MemoDAO.swift in Sources */,
				87980F2527D4FBAB00C64540 /* MemoCell.swift in Sources */,
			);
			runOnlyForDeploymentPostprocessing = 0;
		};
/* End PBXSourcesBuildPhase section */

/* Begin PBXVariantGroup section */
		87980F0D27D4F1BB00C64540 /* Main.storyboard */ = {
			isa = PBXVariantGroup;
			children = (
				87980F0E27D4F1BB00C64540 /* Base */,
			);
			name = Main.storyboard;
			sourceTree = "<group>";
		};
		87980F1527D4F1BC00C64540 /* LaunchScreen.storyboard */ = {
			isa = PBXVariantGroup;
			children = (
				87980F1627D4F1BC00C64540 /* Base */,
			);
			name = LaunchScreen.storyboard;
			sourceTree = "<group>";
		};
/* End PBXVariantGroup section */

/* Begin XCBuildConfiguration section */
		87980F1927D4F1BC00C64540 /* Debug */ = {
			isa = XCBuildConfiguration;
			buildSettings = {
				ALWAYS_SEARCH_USER_PATHS = NO;
				CLANG_ANALYZER_NONNULL = YES;
				CLANG_ANALYZER_NUMBER_OBJECT_CONVERSION = YES_AGGRESSIVE;
				CLANG_CXX_LANGUAGE_STANDARD = "gnu++17";
				CLANG_CXX_LIBRARY = "libc++";
				CLANG_ENABLE_MODULES = YES;
				CLANG_ENABLE_OBJC_ARC = YES;
				CLANG_ENABLE_OBJC_WEAK = YES;
				CLANG_WARN_BLOCK_CAPTURE_AUTORELEASING = YES;
				CLANG_WARN_BOOL_CONVERSION = YES;
				CLANG_WARN_COMMA = YES;
				CLANG_WARN_CONSTANT_CONVERSION = YES;
				CLANG_WARN_DEPRECATED_OBJC_IMPLEMENTATIONS = YES;
				CLANG_WARN_DIRECT_OBJC_ISA_USAGE = YES_ERROR;
				CLANG_WARN_DOCUMENTATION_COMMENTS = YES;
				CLANG_WARN_EMPTY_BODY = YES;
				CLANG_WARN_ENUM_CONVERSION = YES;
				CLANG_WARN_INFINITE_RECURSION = YES;
				CLANG_WARN_INT_CONVERSION = YES;
				CLANG_WARN_NON_LITERAL_NULL_CONVERSION = YES;
				CLANG_WARN_OBJC_IMPLICIT_RETAIN_SELF = YES;
				CLANG_WARN_OBJC_LITERAL_CONVERSION = YES;
				CLANG_WARN_OBJC_ROOT_CLASS = YES_ERROR;
				CLANG_WARN_QUOTED_INCLUDE_IN_FRAMEWORK_HEADER = YES;
				CLANG_WARN_RANGE_LOOP_ANALYSIS = YES;
				CLANG_WARN_STRICT_PROTOTYPES = YES;
				CLANG_WARN_SUSPICIOUS_MOVE = YES;
				CLANG_WARN_UNGUARDED_AVAILABILITY = YES_AGGRESSIVE;
				CLANG_WARN_UNREACHABLE_CODE = YES;
				CLANG_WARN__DUPLICATE_METHOD_MATCH = YES;
				COPY_PHASE_STRIP = NO;
				DEBUG_INFORMATION_FORMAT = dwarf;
				ENABLE_STRICT_OBJC_MSGSEND = YES;
				ENABLE_TESTABILITY = YES;
				GCC_C_LANGUAGE_STANDARD = gnu11;
				GCC_DYNAMIC_NO_PIC = NO;
				GCC_NO_COMMON_BLOCKS = YES;
				GCC_OPTIMIZATION_LEVEL = 0;
				GCC_PREPROCESSOR_DEFINITIONS = (
					"DEBUG=1",
					"$(inherited)",
				);
				GCC_WARN_64_TO_32_BIT_CONVERSION = YES;
				GCC_WARN_ABOUT_RETURN_TYPE = YES_ERROR;
				GCC_WARN_UNDECLARED_SELECTOR = YES;
				GCC_WARN_UNINITIALIZED_AUTOS = YES_AGGRESSIVE;
				GCC_WARN_UNUSED_FUNCTION = YES;
				GCC_WARN_UNUSED_VARIABLE = YES;
				IPHONEOS_DEPLOYMENT_TARGET = 15.2;
				MTL_ENABLE_DEBUG_INFO = INCLUDE_SOURCE;
				MTL_FAST_MATH = YES;
				ONLY_ACTIVE_ARCH = YES;
				SDKROOT = iphoneos;
				SWIFT_ACTIVE_COMPILATION_CONDITIONS = DEBUG;
				SWIFT_OPTIMIZATION_LEVEL = "-Onone";
			};
			name = Debug;
		};
		87980F1A27D4F1BC00C64540 /* Release */ = {
			isa = XCBuildConfiguration;
			buildSettings = {
				ALWAYS_SEARCH_USER_PATHS = NO;
				CLANG_ANALYZER_NONNULL = YES;
				CLANG_ANALYZER_NUMBER_OBJECT_CONVERSION = YES_AGGRESSIVE;
				CLANG_CXX_LANGUAGE_STANDARD = "gnu++17";
				CLANG_CXX_LIBRARY = "libc++";
				CLANG_ENABLE_MODULES = YES;
				CLANG_ENABLE_OBJC_ARC = YES;
				CLANG_ENABLE_OBJC_WEAK = YES;
				CLANG_WARN_BLOCK_CAPTURE_AUTORELEASING = YES;
				CLANG_WARN_BOOL_CONVERSION = YES;
				CLANG_WARN_COMMA = YES;
				CLANG_WARN_CONSTANT_CONVERSION = YES;
				CLANG_WARN_DEPRECATED_OBJC_IMPLEMENTATIONS = YES;
				CLANG_WARN_DIRECT_OBJC_ISA_USAGE = YES_ERROR;
				CLANG_WARN_DOCUMENTATION_COMMENTS = YES;
				CLANG_WARN_EMPTY_BODY = YES;
				CLANG_WARN_ENUM_CONVERSION = YES;
				CLANG_WARN_INFINITE_RECURSION = YES;
				CLANG_WARN_INT_CONVERSION = YES;
				CLANG_WARN_NON_LITERAL_NULL_CONVERSION = YES;
				CLANG_WARN_OBJC_IMPLICIT_RETAIN_SELF = YES;
				CLANG_WARN_OBJC_LITERAL_CONVERSION = YES;
				CLANG_WARN_OBJC_ROOT_CLASS = YES_ERROR;
				CLANG_WARN_QUOTED_INCLUDE_IN_FRAMEWORK_HEADER = YES;
				CLANG_WARN_RANGE_LOOP_ANALYSIS = YES;
				CLANG_WARN_STRICT_PROTOTYPES = YES;
				CLANG_WARN_SUSPICIOUS_MOVE = YES;
				CLANG_WARN_UNGUARDED_AVAILABILITY = YES_AGGRESSIVE;
				CLANG_WARN_UNREACHABLE_CODE = YES;
				CLANG_WARN__DUPLICATE_METHOD_MATCH = YES;
				COPY_PHASE_STRIP = NO;
				DEBUG_INFORMATION_FORMAT = "dwarf-with-dsym";
				ENABLE_NS_ASSERTIONS = NO;
				ENABLE_STRICT_OBJC_MSGSEND = YES;
				GCC_C_LANGUAGE_STANDARD = gnu11;
				GCC_NO_COMMON_BLOCKS = YES;
				GCC_WARN_64_TO_32_BIT_CONVERSION = YES;
				GCC_WARN_ABOUT_RETURN_TYPE = YES_ERROR;
				GCC_WARN_UNDECLARED_SELECTOR = YES;
				GCC_WARN_UNINITIALIZED_AUTOS = YES_AGGRESSIVE;
				GCC_WARN_UNUSED_FUNCTION = YES;
				GCC_WARN_UNUSED_VARIABLE = YES;
				IPHONEOS_DEPLOYMENT_TARGET = 15.2;
				MTL_ENABLE_DEBUG_INFO = NO;
				MTL_FAST_MATH = YES;
				SDKROOT = iphoneos;
				SWIFT_COMPILATION_MODE = wholemodule;
				SWIFT_OPTIMIZATION_LEVEL = "-O";
				VALIDATE_PRODUCT = YES;
			};
			name = Release;
		};
		87980F1C27D4F1BC00C64540 /* Debug */ = {
			isa = XCBuildConfiguration;
			baseConfigurationReference = 2EEE9D4548D63C67DDE29177 /* Pods-MyMemory.debug.xcconfig */;
			buildSettings = {
				ASSETCATALOG_COMPILER_APPICON_NAME = AppIcon;
				ASSETCATALOG_COMPILER_GLOBAL_ACCENT_COLOR_NAME = AccentColor;
				CLANG_ENABLE_MODULES = YES;
				CODE_SIGN_STYLE = Automatic;
				CURRENT_PROJECT_VERSION = 1;
				DEVELOPMENT_TEAM = BG98849UT2;
				GENERATE_INFOPLIST_FILE = YES;
				INFOPLIST_FILE = MyMemory/Info.plist;
				INFOPLIST_KEY_CFBundleDisplayName = "페이퍼-잇";
				INFOPLIST_KEY_NSCameraUsageDescription = "";
				INFOPLIST_KEY_NSPhotoLibraryAddUsageDescription = "";
				INFOPLIST_KEY_UIApplicationSupportsIndirectInputEvents = YES;
				INFOPLIST_KEY_UILaunchStoryboardName = LaunchScreen;
				INFOPLIST_KEY_UIMainStoryboardFile = Main;
				INFOPLIST_KEY_UISupportedInterfaceOrientations_iPad = "UIInterfaceOrientationPortrait UIInterfaceOrientationPortraitUpsideDown UIInterfaceOrientationLandscapeLeft UIInterfaceOrientationLandscapeRight";
				INFOPLIST_KEY_UISupportedInterfaceOrientations_iPhone = "UIInterfaceOrientationPortrait UIInterfaceOrientationLandscapeLeft UIInterfaceOrientationLandscapeRight";
				IPHONEOS_DEPLOYMENT_TARGET = 12.0;
				LD_RUNPATH_SEARCH_PATHS = (
					"$(inherited)",
					"@executable_path/Frameworks",
				);
				MARKETING_VERSION = 1.0;
				PRODUCT_BUNDLE_IDENTIFIER = com.hou.MyMemory;
				PRODUCT_NAME = "$(TARGET_NAME)";
				SWIFT_EMIT_LOC_STRINGS = YES;
				SWIFT_OBJC_BRIDGING_HEADER = "MyMemory/MyMemory-Bridging-Header.h";
				SWIFT_OPTIMIZATION_LEVEL = "-Onone";
				SWIFT_VERSION = 5.0;
				TARGETED_DEVICE_FAMILY = 1;
			};
			name = Debug;
		};
		87980F1D27D4F1BC00C64540 /* Release */ = {
			isa = XCBuildConfiguration;
			baseConfigurationReference = 8506BE0378672BF70F4AD7D5 /* Pods-MyMemory.release.xcconfig */;
			buildSettings = {
				ASSETCATALOG_COMPILER_APPICON_NAME = AppIcon;
				ASSETCATALOG_COMPILER_GLOBAL_ACCENT_COLOR_NAME = AccentColor;
				CLANG_ENABLE_MODULES = YES;
				CODE_SIGN_STYLE = Automatic;
				CURRENT_PROJECT_VERSION = 1;
				DEVELOPMENT_TEAM = BG98849UT2;
				GENERATE_INFOPLIST_FILE = YES;
				INFOPLIST_FILE = MyMemory/Info.plist;
				INFOPLIST_KEY_CFBundleDisplayName = "페이퍼-잇";
				INFOPLIST_KEY_NSCameraUsageDescription = "";
				INFOPLIST_KEY_NSPhotoLibraryAddUsageDescription = "";
				INFOPLIST_KEY_UIApplicationSupportsIndirectInputEvents = YES;
				INFOPLIST_KEY_UILaunchStoryboardName = LaunchScreen;
				INFOPLIST_KEY_UIMainStoryboardFile = Main;
				INFOPLIST_KEY_UISupportedInterfaceOrientations_iPad = "UIInterfaceOrientationPortrait UIInterfaceOrientationPortraitUpsideDown UIInterfaceOrientationLandscapeLeft UIInterfaceOrientationLandscapeRight";
				INFOPLIST_KEY_UISupportedInterfaceOrientations_iPhone = "UIInterfaceOrientationPortrait UIInterfaceOrientationLandscapeLeft UIInterfaceOrientationLandscapeRight";
				IPHONEOS_DEPLOYMENT_TARGET = 12.0;
				LD_RUNPATH_SEARCH_PATHS = (
					"$(inherited)",
					"@executable_path/Frameworks",
				);
				MARKETING_VERSION = 1.0;
				PRODUCT_BUNDLE_IDENTIFIER = com.hou.MyMemory;
				PRODUCT_NAME = "$(TARGET_NAME)";
				SWIFT_EMIT_LOC_STRINGS = YES;
				SWIFT_OBJC_BRIDGING_HEADER = "MyMemory/MyMemory-Bridging-Header.h";
				SWIFT_VERSION = 5.0;
				TARGETED_DEVICE_FAMILY = 1;
			};
			name = Release;
		};
/* End XCBuildConfiguration section */

/* Begin XCConfigurationList section */
		87980EFF27D4F1BB00C64540 /* Build configuration list for PBXProject "MyMemory" */ = {
			isa = XCConfigurationList;
			buildConfigurations = (
				87980F1927D4F1BC00C64540 /* Debug */,
				87980F1A27D4F1BC00C64540 /* Release */,
			);
			defaultConfigurationIsVisible = 0;
			defaultConfigurationName = Release;
		};
		87980F1B27D4F1BC00C64540 /* Build configuration list for PBXNativeTarget "MyMemory" */ = {
			isa = XCConfigurationList;
			buildConfigurations = (
				87980F1C27D4F1BC00C64540 /* Debug */,
				87980F1D27D4F1BC00C64540 /* Release */,
			);
			defaultConfigurationIsVisible = 0;
			defaultConfigurationName = Release;
		};
/* End XCConfigurationList section */

/* Begin XCVersionGroup section */
		87980F1027D4F1BB00C64540 /* MyMemory.xcdatamodeld */ = {
			isa = XCVersionGroup;
			children = (
				87980F1127D4F1BB00C64540 /* MyMemory.xcdatamodel */,
			);
			currentVersion = 87980F1127D4F1BB00C64540 /* MyMemory.xcdatamodel */;
			path = MyMemory.xcdatamodeld;
			sourceTree = "<group>";
			versionGroupType = wrapper.xcdatamodel;
		};
/* End XCVersionGroup section */
	};
	rootObject = 87980EFC27D4F1BB00C64540 /* Project object */;
}
